
Microsoft Visual Studio Solution File, Format Version 12.00
# Visual Studio Version 16
VisualStudioVersion = 16.0.31112.23
MinimumVisualStudioVersion = 10.0.40219.1
Project("{FAE04EC0-301F-11D3-BF4B-00C04F79EFBC}") = "RestWithASPNETUdemy", "RestWithASPNETUdemy\RestWithASPNETUdemy.csproj", "{0B516E24-7781-46A0-9B27-ED00EBE55667}"
EndProject
Global
	GlobalSection(SolutionConfigurationPlatforms) = preSolution
		Debug|Any CPU = Debug|Any CPU
		Release|Any CPU = Release|Any CPU
	EndGlobalSection
	GlobalSection(ProjectConfigurationPlatforms) = postSolution
		{0B516E24-7781-46A0-9B27-ED00EBE55667}.Debug|Any CPU.ActiveCfg = Debug|Any CPU
		{0B516E24-7781-46A0-9B27-ED00EBE55667}.Debug|Any CPU.Build.0 = Debug|Any CPU
		{0B516E24-7781-46A0-9B27-ED00EBE55667}.Release|Any CPU.ActiveCfg = Release|Any CPU
		{0B516E24-7781-46A0-9B27-ED00EBE55667}.Release|Any CPU.Build.0 = Release|Any CPU
	EndGlobalSection
	GlobalSection(SolutionProperties) = preSolution
		HideSolutionNode = FALSE
	EndGlobalSection
	GlobalSection(ExtensibilityGlobals) = postSolution
		SolutionGuid = {C041ED57-4975-46D5-85E8-00AFD8EBDB8F}
	EndGlobalSection
EndGlobal
